
Microsoft Visual Studio Solution File, Format Version 12.00
# Visual Studio Version 17
VisualStudioVersion = 17.8.34330.188
MinimumVisualStudioVersion = 10.0.40219.1
Project("{FAE04EC0-301F-11D3-BF4B-00C04F79EFBC}") = "BandsAPI.Api", "BandsAPI\BandsAPI.Api.csproj", "{8C9DD095-3798-4462-BA4C-AD7A8CAF97EA}"
	ProjectSection(ProjectDependencies) = postProject
		{A57528D8-8BBF-41E8-8A3F-F6ABC2860527} = {A57528D8-8BBF-41E8-8A3F-F6ABC2860527}
	EndProjectSection
EndProject
Project("{FAE04EC0-301F-11D3-BF4B-00C04F79EFBC}") = "BandsAPI.Data", "BandsAPI.Data\BandsAPI.Data.csproj", "{A57528D8-8BBF-41E8-8A3F-F6ABC2860527}"
EndProject
Global
	GlobalSection(SolutionConfigurationPlatforms) = preSolution
		Debug|Any CPU = Debug|Any CPU
		Release|Any CPU = Release|Any CPU
	EndGlobalSection
	GlobalSection(ProjectConfigurationPlatforms) = postSolution
		{8C9DD095-3798-4462-BA4C-AD7A8CAF97EA}.Debug|Any CPU.ActiveCfg = Debug|Any CPU
		{8C9DD095-3798-4462-BA4C-AD7A8CAF97EA}.Debug|Any CPU.Build.0 = Debug|Any CPU
		{8C9DD095-3798-4462-BA4C-AD7A8CAF97EA}.Release|Any CPU.ActiveCfg = Release|Any CPU
		{8C9DD095-3798-4462-BA4C-AD7A8CAF97EA}.Release|Any CPU.Build.0 = Release|Any CPU
		{A57528D8-8BBF-41E8-8A3F-F6ABC2860527}.Debug|Any CPU.ActiveCfg = Debug|Any CPU
		{A57528D8-8BBF-41E8-8A3F-F6ABC2860527}.Debug|Any CPU.Build.0 = Debug|Any CPU
		{A57528D8-8BBF-41E8-8A3F-F6ABC2860527}.Release|Any CPU.ActiveCfg = Release|Any CPU
		{A57528D8-8BBF-41E8-8A3F-F6ABC2860527}.Release|Any CPU.Build.0 = Release|Any CPU
	EndGlobalSection
	GlobalSection(SolutionProperties) = preSolution
		HideSolutionNode = FALSE
	EndGlobalSection
	GlobalSection(ExtensibilityGlobals) = postSolution
		SolutionGuid = {03772228-F5B7-480A-8551-F232A75D7C1F}
	EndGlobalSection
EndGlobal
